// !$*UTF8*$!
{
	archiveVersion = 1;
	classes = {
	};
	objectVersion = 51;
	objects = {

/* Begin PBXBuildFile section */
		8A0CE2A825347F0F0092D7B3 /* MainViewController.swift in Sources */ = {isa = PBXBuildFile; fileRef = 8A0CE2A625347F0F0092D7B3 /* MainViewController.swift */; };
		8A0CE2A925347F0F0092D7B3 /* MainViewController.xib in Resources */ = {isa = PBXBuildFile; fileRef = 8A0CE2A725347F0F0092D7B3 /* MainViewController.xib */; };
		8A0CE2B225347F530092D7B3 /* UIViewController+Utils.swift in Sources */ = {isa = PBXBuildFile; fileRef = 8A0CE2B125347F530092D7B3 /* UIViewController+Utils.swift */; };
		8A2687B5253479E20043C30D /* AppDelegate.swift in Sources */ = {isa = PBXBuildFile; fileRef = 8A2687B4253479E20043C30D /* AppDelegate.swift */; };
		8A2687B7253479E20043C30D /* SceneDelegate.swift in Sources */ = {isa = PBXBuildFile; fileRef = 8A2687B6253479E20043C30D /* SceneDelegate.swift */; };
		8A2687B9253479E20043C30D /* ViewController.swift in Sources */ = {isa = PBXBuildFile; fileRef = 8A2687B8253479E20043C30D /* ViewController.swift */; };
		8A2687BC253479E20043C30D /* Main.storyboard in Resources */ = {isa = PBXBuildFile; fileRef = 8A2687BA253479E20043C30D /* Main.storyboard */; };
		8A2687BE253479E40043C30D /* Assets.xcassets in Resources */ = {isa = PBXBuildFile; fileRef = 8A2687BD253479E40043C30D /* Assets.xcassets */; };
		8A2687C1253479E40043C30D /* LaunchScreen.storyboard in Resources */ = {isa = PBXBuildFile; fileRef = 8A2687BF253479E40043C30D /* LaunchScreen.storyboard */; };
		8A2687CC253479E40043C30D /* ChartsTests.swift in Sources */ = {isa = PBXBuildFile; fileRef = 8A2687CB253479E40043C30D /* ChartsTests.swift */; };
		8A2687D7253479E40043C30D /* ChartsUITests.swift in Sources */ = {isa = PBXBuildFile; fileRef = 8A2687D6253479E40043C30D /* ChartsUITests.swift */; };
		CAAEAA1C3BA7B81E7905B0C5 /* Pods_Charts.framework in Frameworks */ = {isa = PBXBuildFile; fileRef = 5E0301ADA3B701344B5D642B /* Pods_Charts.framework */; };
/* End PBXBuildFile section */

/* Begin PBXContainerItemProxy section */
		8A2687C8253479E40043C30D /* PBXContainerItemProxy */ = {
			isa = PBXContainerItemProxy;
			containerPortal = 8A2687A9253479E20043C30D /* Project object */;
			proxyType = 1;
			remoteGlobalIDString = 8A2687B0253479E20043C30D;
			remoteInfo = Charts;
		};
		8A2687D3253479E40043C30D /* PBXContainerItemProxy */ = {
			isa = PBXContainerItemProxy;
			containerPortal = 8A2687A9253479E20043C30D /* Project object */;
			proxyType = 1;
			remoteGlobalIDString = 8A2687B0253479E20043C30D;
			remoteInfo = Charts;
		};
/* End PBXContainerItemProxy section */

/* Begin PBXFileReference section */
		1119CB2E88C98068A75C81AB /* Pods-Charts.debug.xcconfig */ = {isa = PBXFileReference; includeInIndex = 1; lastKnownFileType = text.xcconfig; name = "Pods-Charts.debug.xcconfig"; path = "Target Support Files/Pods-Charts/Pods-Charts.debug.xcconfig"; sourceTree = "<group>"; };
		5E0301ADA3B701344B5D642B /* Pods_Charts.framework */ = {isa = PBXFileReference; explicitFileType = wrapper.framework; includeInIndex = 0; path = Pods_Charts.framework; sourceTree = BUILT_PRODUCTS_DIR; };
		8A0CE2A625347F0F0092D7B3 /* MainViewController.swift */ = {isa = PBXFileReference; lastKnownFileType = sourcecode.swift; path = MainViewController.swift; sourceTree = "<group>"; };
		8A0CE2A725347F0F0092D7B3 /* MainViewController.xib */ = {isa = PBXFileReference; lastKnownFileType = file.xib; path = MainViewController.xib; sourceTree = "<group>"; };
		8A0CE2B125347F530092D7B3 /* UIViewController+Utils.swift */ = {isa = PBXFileReference; lastKnownFileType = sourcecode.swift; path = "UIViewController+Utils.swift"; sourceTree = "<group>"; };
		8A2687B1253479E20043C30D /* Charts.app */ = {isa = PBXFileReference; explicitFileType = wrapper.application; includeInIndex = 0; path = Charts.app; sourceTree = BUILT_PRODUCTS_DIR; };
		8A2687B4253479E20043C30D /* AppDelegate.swift */ = {isa = PBXFileReference; lastKnownFileType = sourcecode.swift; path = AppDelegate.swift; sourceTree = "<group>"; };
		8A2687B6253479E20043C30D /* SceneDelegate.swift */ = {isa = PBXFileReference; lastKnownFileType = sourcecode.swift; path = SceneDelegate.swift; sourceTree = "<group>"; };
		8A2687B8253479E20043C30D /* ViewController.swift */ = {isa = PBXFileReference; lastKnownFileType = sourcecode.swift; path = ViewController.swift; sourceTree = "<group>"; };
		8A2687BB253479E20043C30D /* Base */ = {isa = PBXFileReference; lastKnownFileType = file.storyboard; name = Base; path = Base.lproj/Main.storyboard; sourceTree = "<group>"; };
		8A2687BD253479E40043C30D /* Assets.xcassets */ = {isa = PBXFileReference; lastKnownFileType = folder.assetcatalog; path = Assets.xcassets; sourceTree = "<group>"; };
		8A2687C0253479E40043C30D /* Base */ = {isa = PBXFileReference; lastKnownFileType = file.storyboard; name = Base; path = Base.lproj/LaunchScreen.storyboard; sourceTree = "<group>"; };
		8A2687C2253479E40043C30D /* Info.plist */ = {isa = PBXFileReference; lastKnownFileType = text.plist.xml; path = Info.plist; sourceTree = "<group>"; };
		8A2687C7253479E40043C30D /* ChartsTests.xctest */ = {isa = PBXFileReference; explicitFileType = wrapper.cfbundle; includeInIndex = 0; path = ChartsTests.xctest; sourceTree = BUILT_PRODUCTS_DIR; };
		8A2687CB253479E40043C30D /* ChartsTests.swift */ = {isa = PBXFileReference; lastKnownFileType = sourcecode.swift; path = ChartsTests.swift; sourceTree = "<group>"; };
		8A2687CD253479E40043C30D /* Info.plist */ = {isa = PBXFileReference; lastKnownFileType = text.plist.xml; path = Info.plist; sourceTree = "<group>"; };
		8A2687D2253479E40043C30D /* ChartsUITests.xctest */ = {isa = PBXFileReference; explicitFileType = wrapper.cfbundle; includeInIndex = 0; path = ChartsUITests.xctest; sourceTree = BUILT_PRODUCTS_DIR; };
		8A2687D6253479E40043C30D /* ChartsUITests.swift */ = {isa = PBXFileReference; lastKnownFileType = sourcecode.swift; path = ChartsUITests.swift; sourceTree = "<group>"; };
		8A2687D8253479E40043C30D /* Info.plist */ = {isa = PBXFileReference; lastKnownFileType = text.plist.xml; path = Info.plist; sourceTree = "<group>"; };
		EC6137E45D27FFB2C11FC91A /* Pods-Charts.release.xcconfig */ = {isa = PBXFileReference; includeInIndex = 1; lastKnownFileType = text.xcconfig; name = "Pods-Charts.release.xcconfig"; path = "Target Support Files/Pods-Charts/Pods-Charts.release.xcconfig"; sourceTree = "<group>"; };
/* End PBXFileReference section */

/* Begin PBXFrameworksBuildPhase section */
		8A2687AE253479E20043C30D /* Frameworks */ = {
			isa = PBXFrameworksBuildPhase;
			buildActionMask = 2147483647;
			files = (
				CAAEAA1C3BA7B81E7905B0C5 /* Pods_Charts.framework in Frameworks */,
			);
			runOnlyForDeploymentPostprocessing = 0;
		};
		8A2687C4253479E40043C30D /* Frameworks */ = {
			isa = PBXFrameworksBuildPhase;
			buildActionMask = 2147483647;
			files = (
			);
			runOnlyForDeploymentPostprocessing = 0;
		};
		8A2687CF253479E40043C30D /* Frameworks */ = {
			isa = PBXFrameworksBuildPhase;
			buildActionMask = 2147483647;
			files = (
			);
			runOnlyForDeploymentPostprocessing = 0;
		};
/* End PBXFrameworksBuildPhase section */

/* Begin PBXGroup section */
		19E655022AE21BD34694B756 /* Pods */ = {
			isa = PBXGroup;
			children = (
				1119CB2E88C98068A75C81AB /* Pods-Charts.debug.xcconfig */,
				EC6137E45D27FFB2C11FC91A /* Pods-Charts.release.xcconfig */,
			);
			path = Pods;
			sourceTree = "<group>";
		};
		3609A4E394BFEE60B781785F /* Frameworks */ = {
			isa = PBXGroup;
			children = (
				5E0301ADA3B701344B5D642B /* Pods_Charts.framework */,
			);
			name = Frameworks;
			sourceTree = "<group>";
		};
		8A0CE29E25347C840092D7B3 /* Flows */ = {
			isa = PBXGroup;
			children = (
				8A0CE2A225347C8C0092D7B3 /* Main */,
			);
			path = Flows;
			sourceTree = "<group>";
		};
		8A0CE2A225347C8C0092D7B3 /* Main */ = {
			isa = PBXGroup;
			children = (
				8A0CE2A625347F0F0092D7B3 /* MainViewController.swift */,
				8A0CE2A725347F0F0092D7B3 /* MainViewController.xib */,
			);
			path = Main;
			sourceTree = "<group>";
		};
		8A0CE2B025347F400092D7B3 /* Extensions */ = {
			isa = PBXGroup;
			children = (
				8A0CE2B125347F530092D7B3 /* UIViewController+Utils.swift */,
			);
			path = Extensions;
			sourceTree = "<group>";
		};
		8A2687A8253479E20043C30D = {
			isa = PBXGroup;
			children = (
				8A2687B3253479E20043C30D /* Charts */,
				8A2687CA253479E40043C30D /* ChartsTests */,
				8A2687D5253479E40043C30D /* ChartsUITests */,
				8A2687B2253479E20043C30D /* Products */,
				19E655022AE21BD34694B756 /* Pods */,
				3609A4E394BFEE60B781785F /* Frameworks */,
			);
			sourceTree = "<group>";
		};
		8A2687B2253479E20043C30D /* Products */ = {
			isa = PBXGroup;
			children = (
				8A2687B1253479E20043C30D /* Charts.app */,
				8A2687C7253479E40043C30D /* ChartsTests.xctest */,
				8A2687D2253479E40043C30D /* ChartsUITests.xctest */,
			);
			name = Products;
			sourceTree = "<group>";
		};
		8A2687B3253479E20043C30D /* Charts */ = {
			isa = PBXGroup;
			children = (
				8A0CE2B025347F400092D7B3 /* Extensions */,
				8A0CE29E25347C840092D7B3 /* Flows */,
				8A2687B4253479E20043C30D /* AppDelegate.swift */,
				8A2687B6253479E20043C30D /* SceneDelegate.swift */,
				8A2687B8253479E20043C30D /* ViewController.swift */,
				8A2687BA253479E20043C30D /* Main.storyboard */,
				8A2687BD253479E40043C30D /* Assets.xcassets */,
				8A2687BF253479E40043C30D /* LaunchScreen.storyboard */,
				8A2687C2253479E40043C30D /* Info.plist */,
			);
			path = Charts;
			sourceTree = "<group>";
		};
		8A2687CA253479E40043C30D /* ChartsTests */ = {
			isa = PBXGroup;
			children = (
				8A2687CB253479E40043C30D /* ChartsTests.swift */,
				8A2687CD253479E40043C30D /* Info.plist */,
			);
			path = ChartsTests;
			sourceTree = "<group>";
		};
		8A2687D5253479E40043C30D /* ChartsUITests */ = {
			isa = PBXGroup;
			children = (
				8A2687D6253479E40043C30D /* ChartsUITests.swift */,
				8A2687D8253479E40043C30D /* Info.plist */,
			);
			path = ChartsUITests;
			sourceTree = "<group>";
		};
/* End PBXGroup section */

/* Begin PBXNativeTarget section */
		8A2687B0253479E20043C30D /* Charts */ = {
			isa = PBXNativeTarget;
			buildConfigurationList = 8A2687DB253479E40043C30D /* Build configuration list for PBXNativeTarget "Charts" */;
			buildPhases = (
				8970C678690B86173B6F3422 /* [CP] Check Pods Manifest.lock */,
				8A2687AD253479E20043C30D /* Sources */,
				8A2687AE253479E20043C30D /* Frameworks */,
				8A2687AF253479E20043C30D /* Resources */,
				FCE2ECAB90828B31C8E5E8F9 /* [CP] Embed Pods Frameworks */,
			);
			buildRules = (
			);
			dependencies = (
			);
			name = Charts;
			productName = Charts;
			productReference = 8A2687B1253479E20043C30D /* Charts.app */;
			productType = "com.apple.product-type.application";
		};
		8A2687C6253479E40043C30D /* ChartsTests */ = {
			isa = PBXNativeTarget;
			buildConfigurationList = 8A2687DE253479E40043C30D /* Build configuration list for PBXNativeTarget "ChartsTests" */;
			buildPhases = (
				8A2687C3253479E40043C30D /* Sources */,
				8A2687C4253479E40043C30D /* Frameworks */,
				8A2687C5253479E40043C30D /* Resources */,
			);
			buildRules = (
			);
			dependencies = (
				8A2687C9253479E40043C30D /* PBXTargetDependency */,
			);
			name = ChartsTests;
			productName = ChartsTests;
			productReference = 8A2687C7253479E40043C30D /* ChartsTests.xctest */;
			productType = "com.apple.product-type.bundle.unit-test";
		};
		8A2687D1253479E40043C30D /* ChartsUITests */ = {
			isa = PBXNativeTarget;
			buildConfigurationList = 8A2687E1253479E40043C30D /* Build configuration list for PBXNativeTarget "ChartsUITests" */;
			buildPhases = (
				8A2687CE253479E40043C30D /* Sources */,
				8A2687CF253479E40043C30D /* Frameworks */,
				8A2687D0253479E40043C30D /* Resources */,
			);
			buildRules = (
			);
			dependencies = (
				8A2687D4253479E40043C30D /* PBXTargetDependency */,
			);
			name = ChartsUITests;
			productName = ChartsUITests;
			productReference = 8A2687D2253479E40043C30D /* ChartsUITests.xctest */;
			productType = "com.apple.product-type.bundle.ui-testing";
		};
/* End PBXNativeTarget section */

/* Begin PBXProject section */
		8A2687A9253479E20043C30D /* Project object */ = {
			isa = PBXProject;
			attributes = {
				LastSwiftUpdateCheck = 1200;
				LastUpgradeCheck = 1200;
				TargetAttributes = {
					8A2687B0253479E20043C30D = {
						CreatedOnToolsVersion = 12.0;
					};
					8A2687C6253479E40043C30D = {
						CreatedOnToolsVersion = 12.0;
						TestTargetID = 8A2687B0253479E20043C30D;
					};
					8A2687D1253479E40043C30D = {
						CreatedOnToolsVersion = 12.0;
						TestTargetID = 8A2687B0253479E20043C30D;
					};
				};
			};
			buildConfigurationList = 8A2687AC253479E20043C30D /* Build configuration list for PBXProject "Charts" */;
			compatibilityVersion = "Xcode 9.3";
			developmentRegion = en;
			hasScannedForEncodings = 0;
			knownRegions = (
				en,
				Base,
			);
			mainGroup = 8A2687A8253479E20043C30D;
			productRefGroup = 8A2687B2253479E20043C30D /* Products */;
			projectDirPath = "";
			projectRoot = "";
			targets = (
				8A2687B0253479E20043C30D /* Charts */,
				8A2687C6253479E40043C30D /* ChartsTests */,
				8A2687D1253479E40043C30D /* ChartsUITests */,
			);
		};
/* End PBXProject section */

/* Begin PBXResourcesBuildPhase section */
		8A2687AF253479E20043C30D /* Resources */ = {
			isa = PBXResourcesBuildPhase;
			buildActionMask = 2147483647;
			files = (
				8A2687C1253479E40043C30D /* LaunchScreen.storyboard in Resources */,
				8A2687BE253479E40043C30D /* Assets.xcassets in Resources */,
				8A2687BC253479E20043C30D /* Main.storyboard in Resources */,
				8A0CE2A925347F0F0092D7B3 /* MainViewController.xib in Resources */,
			);
			runOnlyForDeploymentPostprocessing = 0;
		};
		8A2687C5253479E40043C30D /* Resources */ = {
			isa = PBXResourcesBuildPhase;
			buildActionMask = 2147483647;
			files = (
			);
			runOnlyForDeploymentPostprocessing = 0;
		};
		8A2687D0253479E40043C30D /* Resources */ = {
			isa = PBXResourcesBuildPhase;
			buildActionMask = 2147483647;
			files = (
			);
			runOnlyForDeploymentPostprocessing = 0;
		};
/* End PBXResourcesBuildPhase section */

/* Begin PBXShellScriptBuildPhase section */
		8970C678690B86173B6F3422 /* [CP] Check Pods Manifest.lock */ = {
			isa = PBXShellScriptBuildPhase;
			buildActionMask = 2147483647;
			files = (
			);
			inputFileListPaths = (
			);
			inputPaths = (
				"${PODS_PODFILE_DIR_PATH}/Podfile.lock",
				"${PODS_ROOT}/Manifest.lock",
			);
			name = "[CP] Check Pods Manifest.lock";
			outputFileListPaths = (
			);
			outputPaths = (
				"$(DERIVED_FILE_DIR)/Pods-Charts-checkManifestLockResult.txt",
			);
			runOnlyForDeploymentPostprocessing = 0;
			shellPath = /bin/sh;
			shellScript = "diff \"${PODS_PODFILE_DIR_PATH}/Podfile.lock\" \"${PODS_ROOT}/Manifest.lock\" > /dev/null\nif [ $? != 0 ] ; then\n    # print error to STDERR\n    echo \"error: The sandbox is not in sync with the Podfile.lock. Run 'pod install' or update your CocoaPods installation.\" >&2\n    exit 1\nfi\n# This output is used by Xcode 'outputs' to avoid re-running this script phase.\necho \"SUCCESS\" > \"${SCRIPT_OUTPUT_FILE_0}\"\n";
			showEnvVarsInLog = 0;
		};
		FCE2ECAB90828B31C8E5E8F9 /* [CP] Embed Pods Frameworks */ = {
			isa = PBXShellScriptBuildPhase;
			buildActionMask = 2147483647;
			files = (
			);
			inputFileListPaths = (
				"${PODS_ROOT}/Target Support Files/Pods-Charts/Pods-Charts-frameworks-${CONFIGURATION}-input-files.xcfilelist",
			);
			name = "[CP] Embed Pods Frameworks";
			outputFileListPaths = (
				"${PODS_ROOT}/Target Support Files/Pods-Charts/Pods-Charts-frameworks-${CONFIGURATION}-output-files.xcfilelist",
			);
			runOnlyForDeploymentPostprocessing = 0;
			shellPath = /bin/sh;
			shellScript = "\"${PODS_ROOT}/Target Support Files/Pods-Charts/Pods-Charts-frameworks.sh\"\n";
			showEnvVarsInLog = 0;
		};
/* End PBXShellScriptBuildPhase section */

/* Begin PBXSourcesBuildPhase section */
		8A2687AD253479E20043C30D /* Sources */ = {
			isa = PBXSourcesBuildPhase;
			buildActionMask = 2147483647;
			files = (
				8A2687B9253479E20043C30D /* ViewController.swift in Sources */,
				8A2687B5253479E20043C30D /* AppDelegate.swift in Sources */,
				8A2687B7253479E20043C30D /* SceneDelegate.swift in Sources */,
				8A0CE2A825347F0F0092D7B3 /* MainViewController.swift in Sources */,
				8A0CE2B225347F530092D7B3 /* UIViewController+Utils.swift in Sources */,
			);
			runOnlyForDeploymentPostprocessing = 0;
		};
		8A2687C3253479E40043C30D /* Sources */ = {
			isa = PBXSourcesBuildPhase;
			buildActionMask = 2147483647;
			files = (
				8A2687CC253479E40043C30D /* ChartsTests.swift in Sources */,
			);
			runOnlyForDeploymentPostprocessing = 0;
		};
		8A2687CE253479E40043C30D /* Sources */ = {
			isa = PBXSourcesBuildPhase;
			buildActionMask = 2147483647;
			files = (
				8A2687D7253479E40043C30D /* ChartsUITests.swift in Sources */,
			);
			runOnlyForDeploymentPostprocessing = 0;
		};
/* End PBXSourcesBuildPhase section */

/* Begin PBXTargetDependency section */
		8A2687C9253479E40043C30D /* PBXTargetDependency */ = {
			isa = PBXTargetDependency;
			target = 8A2687B0253479E20043C30D /* Charts */;
			targetProxy = 8A2687C8253479E40043C30D /* PBXContainerItemProxy */;
		};
		8A2687D4253479E40043C30D /* PBXTargetDependency */ = {
			isa = PBXTargetDependency;
			target = 8A2687B0253479E20043C30D /* Charts */;
			targetProxy = 8A2687D3253479E40043C30D /* PBXContainerItemProxy */;
		};
/* End PBXTargetDependency section */

/* Begin PBXVariantGroup section */
		8A2687BA253479E20043C30D /* Main.storyboard */ = {
			isa = PBXVariantGroup;
			children = (
				8A2687BB253479E20043C30D /* Base */,
			);
			name = Main.storyboard;
			sourceTree = "<group>";
		};
		8A2687BF253479E40043C30D /* LaunchScreen.storyboard */ = {
			isa = PBXVariantGroup;
			children = (
				8A2687C0253479E40043C30D /* Base */,
			);
			name = LaunchScreen.storyboard;
			sourceTree = "<group>";
		};
/* End PBXVariantGroup section */

/* Begin XCBuildConfiguration section */
		8A2687D9253479E40043C30D /* Debug */ = {
			isa = XCBuildConfiguration;
			buildSettings = {
				ALWAYS_SEARCH_USER_PATHS = NO;
				CLANG_ANALYZER_NONNULL = YES;
				CLANG_ANALYZER_NUMBER_OBJECT_CONVERSION = YES_AGGRESSIVE;
				CLANG_CXX_LANGUAGE_STANDARD = "gnu++14";
				CLANG_CXX_LIBRARY = "libc++";
				CLANG_ENABLE_MODULES = YES;
				CLANG_ENABLE_OBJC_ARC = YES;
				CLANG_ENABLE_OBJC_WEAK = YES;
				CLANG_WARN_BLOCK_CAPTURE_AUTORELEASING = YES;
				CLANG_WARN_BOOL_CONVERSION = YES;
				CLANG_WARN_COMMA = YES;
				CLANG_WARN_CONSTANT_CONVERSION = YES;
				CLANG_WARN_DEPRECATED_OBJC_IMPLEMENTATIONS = YES;
				CLANG_WARN_DIRECT_OBJC_ISA_USAGE = YES_ERROR;
				CLANG_WARN_DOCUMENTATION_COMMENTS = YES;
				CLANG_WARN_EMPTY_BODY = YES;
				CLANG_WARN_ENUM_CONVERSION = YES;
				CLANG_WARN_INFINITE_RECURSION = YES;
				CLANG_WARN_INT_CONVERSION = YES;
				CLANG_WARN_NON_LITERAL_NULL_CONVERSION = YES;
				CLANG_WARN_OBJC_IMPLICIT_RETAIN_SELF = YES;
				CLANG_WARN_OBJC_LITERAL_CONVERSION = YES;
				CLANG_WARN_OBJC_ROOT_CLASS = YES_ERROR;
				CLANG_WARN_QUOTED_INCLUDE_IN_FRAMEWORK_HEADER = YES;
				CLANG_WARN_RANGE_LOOP_ANALYSIS = YES;
				CLANG_WARN_STRICT_PROTOTYPES = YES;
				CLANG_WARN_SUSPICIOUS_MOVE = YES;
				CLANG_WARN_UNGUARDED_AVAILABILITY = YES_AGGRESSIVE;
				CLANG_WARN_UNREACHABLE_CODE = YES;
				CLANG_WARN__DUPLICATE_METHOD_MATCH = YES;
				COPY_PHASE_STRIP = NO;
				DEBUG_INFORMATION_FORMAT = dwarf;
				ENABLE_STRICT_OBJC_MSGSEND = YES;
				ENABLE_TESTABILITY = YES;
				GCC_C_LANGUAGE_STANDARD = gnu11;
				GCC_DYNAMIC_NO_PIC = NO;
				GCC_NO_COMMON_BLOCKS = YES;
				GCC_OPTIMIZATION_LEVEL = 0;
				GCC_PREPROCESSOR_DEFINITIONS = (
					"DEBUG=1",
					"$(inherited)",
				);
				GCC_WARN_64_TO_32_BIT_CONVERSION = YES;
				GCC_WARN_ABOUT_RETURN_TYPE = YES_ERROR;
				GCC_WARN_UNDECLARED_SELECTOR = YES;
				GCC_WARN_UNINITIALIZED_AUTOS = YES_AGGRESSIVE;
				GCC_WARN_UNUSED_FUNCTION = YES;
				GCC_WARN_UNUSED_VARIABLE = YES;
				IPHONEOS_DEPLOYMENT_TARGET = 14.0;
				MTL_ENABLE_DEBUG_INFO = INCLUDE_SOURCE;
				MTL_FAST_MATH = YES;
				ONLY_ACTIVE_ARCH = YES;
				SDKROOT = iphoneos;
				SWIFT_ACTIVE_COMPILATION_CONDITIONS = DEBUG;
				SWIFT_OPTIMIZATION_LEVEL = "-Onone";
			};
			name = Debug;
		};
		8A2687DA253479E40043C30D /* Release */ = {
			isa = XCBuildConfiguration;
			buildSettings = {
				ALWAYS_SEARCH_USER_PATHS = NO;
				CLANG_ANALYZER_NONNULL = YES;
				CLANG_ANALYZER_NUMBER_OBJECT_CONVERSION = YES_AGGRESSIVE;
				CLANG_CXX_LANGUAGE_STANDARD = "gnu++14";
				CLANG_CXX_LIBRARY = "libc++";
				CLANG_ENABLE_MODULES = YES;
				CLANG_ENABLE_OBJC_ARC = YES;
				CLANG_ENABLE_OBJC_WEAK = YES;
				CLANG_WARN_BLOCK_CAPTURE_AUTORELEASING = YES;
				CLANG_WARN_BOOL_CONVERSION = YES;
				CLANG_WARN_COMMA = YES;
				CLANG_WARN_CONSTANT_CONVERSION = YES;
				CLANG_WARN_DEPRECATED_OBJC_IMPLEMENTATIONS = YES;
				CLANG_WARN_DIRECT_OBJC_ISA_USAGE = YES_ERROR;
				CLANG_WARN_DOCUMENTATION_COMMENTS = YES;
				CLANG_WARN_EMPTY_BODY = YES;
				CLANG_WARN_ENUM_CONVERSION = YES;
				CLANG_WARN_INFINITE_RECURSION = YES;
				CLANG_WARN_INT_CONVERSION = YES;
				CLANG_WARN_NON_LITERAL_NULL_CONVERSION = YES;
				CLANG_WARN_OBJC_IMPLICIT_RETAIN_SELF = YES;
				CLANG_WARN_OBJC_LITERAL_CONVERSION = YES;
				CLANG_WARN_OBJC_ROOT_CLASS = YES_ERROR;
				CLANG_WARN_QUOTED_INCLUDE_IN_FRAMEWORK_HEADER = YES;
				CLANG_WARN_RANGE_LOOP_ANALYSIS = YES;
				CLANG_WARN_STRICT_PROTOTYPES = YES;
				CLANG_WARN_SUSPICIOUS_MOVE = YES;
				CLANG_WARN_UNGUARDED_AVAILABILITY = YES_AGGRESSIVE;
				CLANG_WARN_UNREACHABLE_CODE = YES;
				CLANG_WARN__DUPLICATE_METHOD_MATCH = YES;
				COPY_PHASE_STRIP = NO;
				DEBUG_INFORMATION_FORMAT = "dwarf-with-dsym";
				ENABLE_NS_ASSERTIONS = NO;
				ENABLE_STRICT_OBJC_MSGSEND = YES;
				GCC_C_LANGUAGE_STANDARD = gnu11;
				GCC_NO_COMMON_BLOCKS = YES;
				GCC_WARN_64_TO_32_BIT_CONVERSION = YES;
				GCC_WARN_ABOUT_RETURN_TYPE = YES_ERROR;
				GCC_WARN_UNDECLARED_SELECTOR = YES;
				GCC_WARN_UNINITIALIZED_AUTOS = YES_AGGRESSIVE;
				GCC_WARN_UNUSED_FUNCTION = YES;
				GCC_WARN_UNUSED_VARIABLE = YES;
				IPHONEOS_DEPLOYMENT_TARGET = 14.0;
				MTL_ENABLE_DEBUG_INFO = NO;
				MTL_FAST_MATH = YES;
				SDKROOT = iphoneos;
				SWIFT_COMPILATION_MODE = wholemodule;
				SWIFT_OPTIMIZATION_LEVEL = "-O";
				VALIDATE_PRODUCT = YES;
			};
			name = Release;
		};
		8A2687DC253479E40043C30D /* Debug */ = {
			isa = XCBuildConfiguration;
			baseConfigurationReference = 1119CB2E88C98068A75C81AB /* Pods-Charts.debug.xcconfig */;
			buildSettings = {
				ASSETCATALOG_COMPILER_APPICON_NAME = AppIcon;
				ASSETCATALOG_COMPILER_GLOBAL_ACCENT_COLOR_NAME = AccentColor;
				CODE_SIGN_STYLE = Automatic;
				INFOPLIST_FILE = Charts/Info.plist;
				LD_RUNPATH_SEARCH_PATHS = (
					"$(inherited)",
					"@executable_path/Frameworks",
				);
				PRODUCT_BUNDLE_IDENTIFIER = com.denis.ryzhkov.Charts;
				PRODUCT_NAME = "$(TARGET_NAME)";
				SWIFT_VERSION = 5.0;
				TARGETED_DEVICE_FAMILY = "1,2";
			};
			name = Debug;
		};
		8A2687DD253479E40043C30D /* Release */ = {
			isa = XCBuildConfiguration;
			baseConfigurationReference = EC6137E45D27FFB2C11FC91A /* Pods-Charts.release.xcconfig */;
			buildSettings = {
				ASSETCATALOG_COMPILER_APPICON_NAME = AppIcon;
				ASSETCATALOG_COMPILER_GLOBAL_ACCENT_COLOR_NAME = AccentColor;
				CODE_SIGN_STYLE = Automatic;
				INFOPLIST_FILE = Charts/Info.plist;
				LD_RUNPATH_SEARCH_PATHS = (
					"$(inherited)",
					"@executable_path/Frameworks",
				);
				PRODUCT_BUNDLE_IDENTIFIER = com.denis.ryzhkov.Charts;
				PRODUCT_NAME = "$(TARGET_NAME)";
				SWIFT_VERSION = 5.0;
				TARGETED_DEVICE_FAMILY = "1,2";
			};
			name = Release;
		};
		8A2687DF253479E40043C30D /* Debug */ = {
			isa = XCBuildConfiguration;
			buildSettings = {
				ALWAYS_EMBED_SWIFT_STANDARD_LIBRARIES = YES;
				BUNDLE_LOADER = "$(TEST_HOST)";
				CODE_SIGN_STYLE = Automatic;
				INFOPLIST_FILE = ChartsTests/Info.plist;
				IPHONEOS_DEPLOYMENT_TARGET = 14.0;
				LD_RUNPATH_SEARCH_PATHS = (
					"$(inherited)",
					"@executable_path/Frameworks",
					"@loader_path/Frameworks",
				);
				PRODUCT_BUNDLE_IDENTIFIER = com.denis.ryzhkov.ChartsTests;
				PRODUCT_NAME = "$(TARGET_NAME)";
				SWIFT_VERSION = 5.0;
				TARGETED_DEVICE_FAMILY = "1,2";
				TEST_HOST = "$(BUILT_PRODUCTS_DIR)/Charts.app/Charts";
			};
			name = Debug;
		};
		8A2687E0253479E40043C30D /* Release */ = {
			isa = XCBuildConfiguration;
			buildSettings = {
				ALWAYS_EMBED_SWIFT_STANDARD_LIBRARIES = YES;
				BUNDLE_LOADER = "$(TEST_HOST)";
				CODE_SIGN_STYLE = Automatic;
				INFOPLIST_FILE = ChartsTests/Info.plist;
				IPHONEOS_DEPLOYMENT_TARGET = 14.0;
				LD_RUNPATH_SEARCH_PATHS = (
					"$(inherited)",
					"@executable_path/Frameworks",
					"@loader_path/Frameworks",
				);
				PRODUCT_BUNDLE_IDENTIFIER = com.denis.ryzhkov.ChartsTests;
				PRODUCT_NAME = "$(TARGET_NAME)";
				SWIFT_VERSION = 5.0;
				TARGETED_DEVICE_FAMILY = "1,2";
				TEST_HOST = "$(BUILT_PRODUCTS_DIR)/Charts.app/Charts";
			};
			name = Release;
		};
		8A2687E2253479E40043C30D /* Debug */ = {
			isa = XCBuildConfiguration;
			buildSettings = {
				ALWAYS_EMBED_SWIFT_STANDARD_LIBRARIES = YES;
				CODE_SIGN_STYLE = Automatic;
				INFOPLIST_FILE = ChartsUITests/Info.plist;
				LD_RUNPATH_SEARCH_PATHS = (
					"$(inherited)",
					"@executable_path/Frameworks",
					"@loader_path/Frameworks",
				);
				PRODUCT_BUNDLE_IDENTIFIER = com.denis.ryzhkov.ChartsUITests;
				PRODUCT_NAME = "$(TARGET_NAME)";
				SWIFT_VERSION = 5.0;
				TARGETED_DEVICE_FAMILY = "1,2";
				TEST_TARGET_NAME = Charts;
			};
			name = Debug;
		};
		8A2687E3253479E40043C30D /* Release */ = {
			isa = XCBuildConfiguration;
			buildSettings = {
				ALWAYS_EMBED_SWIFT_STANDARD_LIBRARIES = YES;
				CODE_SIGN_STYLE = Automatic;
				INFOPLIST_FILE = ChartsUITests/Info.plist;
				LD_RUNPATH_SEARCH_PATHS = (
					"$(inherited)",
					"@executable_path/Frameworks",
					"@loader_path/Frameworks",
				);
				PRODUCT_BUNDLE_IDENTIFIER = com.denis.ryzhkov.ChartsUITests;
				PRODUCT_NAME = "$(TARGET_NAME)";
				SWIFT_VERSION = 5.0;
				TARGETED_DEVICE_FAMILY = "1,2";
				TEST_TARGET_NAME = Charts;
			};
			name = Release;
		};
/* End XCBuildConfiguration section */

/* Begin XCConfigurationList section */
		8A2687AC253479E20043C30D /* Build configuration list for PBXProject "Charts" */ = {
			isa = XCConfigurationList;
			buildConfigurations = (
				8A2687D9253479E40043C30D /* Debug */,
				8A2687DA253479E40043C30D /* Release */,
			);
			defaultConfigurationIsVisible = 0;
			defaultConfigurationName = Release;
		};
		8A2687DB253479E40043C30D /* Build configuration list for PBXNativeTarget "Charts" */ = {
			isa = XCConfigurationList;
			buildConfigurations = (
				8A2687DC253479E40043C30D /* Debug */,
				8A2687DD253479E40043C30D /* Release */,
			);
			defaultConfigurationIsVisible = 0;
			defaultConfigurationName = Release;
		};
		8A2687DE253479E40043C30D /* Build configuration list for PBXNativeTarget "ChartsTests" */ = {
			isa = XCConfigurationList;
			buildConfigurations = (
				8A2687DF253479E40043C30D /* Debug */,
				8A2687E0253479E40043C30D /* Release */,
			);
			defaultConfigurationIsVisible = 0;
			defaultConfigurationName = Release;
		};
		8A2687E1253479E40043C30D /* Build configuration list for PBXNativeTarget "ChartsUITests" */ = {
			isa = XCConfigurationList;
			buildConfigurations = (
				8A2687E2253479E40043C30D /* Debug */,
				8A2687E3253479E40043C30D /* Release */,
			);
			defaultConfigurationIsVisible = 0;
			defaultConfigurationName = Release;
		};
/* End XCConfigurationList section */
	};
	rootObject = 8A2687A9253479E20043C30D /* Project object */;
}
